
Microsoft Visual Studio Solution File, Format Version 12.00
# Visual Studio 15
VisualStudioVersion = 15.0.27703.2000
MinimumVisualStudioVersion = 10.0.40219.1
Project("{FAE04EC0-301F-11D3-BF4B-00C04F79EFBC}") = "NameGenerator", "NameGenerator\NameGenerator.csproj", "{A39B2230-F972-4F77-822C-48AE9752F240}"
EndProject
Global
	GlobalSection(SolutionConfigurationPlatforms) = preSolution
		Debug|ARM = Debug|ARM
		Debug|x64 = Debug|x64
		Debug|x86 = Debug|x86
		Release|ARM = Release|ARM
		Release|x64 = Release|x64
		Release|x86 = Release|x86
	EndGlobalSection
	GlobalSection(ProjectConfigurationPlatforms) = postSolution
		{A39B2230-F972-4F77-822C-48AE9752F240}.Debug|ARM.ActiveCfg = Debug|ARM
		{A39B2230-F972-4F77-822C-48AE9752F240}.Debug|ARM.Build.0 = Debug|ARM
		{A39B2230-F972-4F77-822C-48AE9752F240}.Debug|ARM.Deploy.0 = Debug|ARM
		{A39B2230-F972-4F77-822C-48AE9752F240}.Debug|x64.ActiveCfg = Debug|x64
		{A39B2230-F972-4F77-822C-48AE9752F240}.Debug|x64.Build.0 = Debug|x64
		{A39B2230-F972-4F77-822C-48AE9752F240}.Debug|x64.Deploy.0 = Debug|x64
		{A39B2230-F972-4F77-822C-48AE9752F240}.Debug|x86.ActiveCfg = Debug|x86
		{A39B2230-F972-4F77-822C-48AE9752F240}.Debug|x86.Build.0 = Debug|x86
		{A39B2230-F972-4F77-822C-48AE9752F240}.Debug|x86.Deploy.0 = Debug|x86
		{A39B2230-F972-4F77-822C-48AE9752F240}.Release|ARM.ActiveCfg = Release|ARM
		{A39B2230-F972-4F77-822C-48AE9752F240}.Release|ARM.Build.0 = Release|ARM
		{A39B2230-F972-4F77-822C-48AE9752F240}.Release|ARM.Deploy.0 = Release|ARM
		{A39B2230-F972-4F77-822C-48AE9752F240}.Release|x64.ActiveCfg = Release|x64
		{A39B2230-F972-4F77-822C-48AE9752F240}.Release|x64.Build.0 = Release|x64
		{A39B2230-F972-4F77-822C-48AE9752F240}.Release|x64.Deploy.0 = Release|x64
		{A39B2230-F972-4F77-822C-48AE9752F240}.Release|x86.ActiveCfg = Release|x86
		{A39B2230-F972-4F77-822C-48AE9752F240}.Release|x86.Build.0 = Release|x86
		{A39B2230-F972-4F77-822C-48AE9752F240}.Release|x86.Deploy.0 = Release|x86
	EndGlobalSection
	GlobalSection(SolutionProperties) = preSolution
		HideSolutionNode = FALSE
	EndGlobalSection
	GlobalSection(ExtensibilityGlobals) = postSolution
		SolutionGuid = {CC728ADC-8E2D-4182-91B4-1FC1EFE9C9A5}
	EndGlobalSection
EndGlobal
